
Microsoft Visual Studio Solution File, Format Version 12.00
# Visual Studio 15
VisualStudioVersion = 15.0.26730.16
MinimumVisualStudioVersion = 10.0.40219.1
Project("{8BC9CEB8-8B4A-11D0-8D11-00A0C91BC942}") = "0001 Hello World", "0001 Hello World\0001 Hello World.vcxproj", "{D0E991CD-B773-47C7-962D-070914CF9653}"
EndProject
Global
	GlobalSection(SolutionConfigurationPlatforms) = preSolution
		Debug|x64 = Debug|x64
		Debug|x86 = Debug|x86
		Release|x64 = Release|x64
		Release|x86 = Release|x86
	EndGlobalSection
	GlobalSection(ProjectConfigurationPlatforms) = postSolution
		{D0E991CD-B773-47C7-962D-070914CF9653}.Debug|x64.ActiveCfg = Debug|x64
		{D0E991CD-B773-47C7-962D-070914CF9653}.Debug|x64.Build.0 = Debug|x64
		{D0E991CD-B773-47C7-962D-070914CF9653}.Debug|x86.ActiveCfg = Debug|Win32
		{D0E991CD-B773-47C7-962D-070914CF9653}.Debug|x86.Build.0 = Debug|Win32
		{D0E991CD-B773-47C7-962D-070914CF9653}.Release|x64.ActiveCfg = Release|x64
		{D0E991CD-B773-47C7-962D-070914CF9653}.Release|x64.Build.0 = Release|x64
		{D0E991CD-B773-47C7-962D-070914CF9653}.Release|x86.ActiveCfg = Release|Win32
		{D0E991CD-B773-47C7-962D-070914CF9653}.Release|x86.Build.0 = Release|Win32
	EndGlobalSection
	GlobalSection(SolutionProperties) = preSolution
		HideSolutionNode = FALSE
	EndGlobalSection
	GlobalSection(ExtensibilityGlobals) = postSolution
		SolutionGuid = {02FC4514-BA8A-4238-9289-FCB2A95343CD}
	EndGlobalSection
EndGlobal
