
Microsoft Visual Studio Solution File, Format Version 12.00
# Visual Studio 15
VisualStudioVersion = 15.0.26730.16
MinimumVisualStudioVersion = 10.0.40219.1
Project("{FAE04EC0-301F-11D3-BF4B-00C04F79EFBC}") = "0001 Hello World", "0001 Hello World\0001 Hello World.csproj", "{9CF2C22B-E695-43E8-B8BF-45DFEC753B8F}"
EndProject
Global
	GlobalSection(SolutionConfigurationPlatforms) = preSolution
		Debug|Any CPU = Debug|Any CPU
		Release|Any CPU = Release|Any CPU
	EndGlobalSection
	GlobalSection(ProjectConfigurationPlatforms) = postSolution
		{9CF2C22B-E695-43E8-B8BF-45DFEC753B8F}.Debug|Any CPU.ActiveCfg = Debug|Any CPU
		{9CF2C22B-E695-43E8-B8BF-45DFEC753B8F}.Debug|Any CPU.Build.0 = Debug|Any CPU
		{9CF2C22B-E695-43E8-B8BF-45DFEC753B8F}.Release|Any CPU.ActiveCfg = Release|Any CPU
		{9CF2C22B-E695-43E8-B8BF-45DFEC753B8F}.Release|Any CPU.Build.0 = Release|Any CPU
	EndGlobalSection
	GlobalSection(SolutionProperties) = preSolution
		HideSolutionNode = FALSE
	EndGlobalSection
	GlobalSection(ExtensibilityGlobals) = postSolution
		SolutionGuid = {12315159-450C-44E8-BDD9-FA63001B140C}
	EndGlobalSection
EndGlobal
